
Microsoft Visual Studio Solution File, Format Version 12.00
# Visual Studio 14
VisualStudioVersion = 14.0.25420.1
MinimumVisualStudioVersion = 10.0.40219.1
Project("{FAE04EC0-301F-11D3-BF4B-00C04F79EFBC}") = "CheckboxSample.Droid", "CheckboxSample\CheckboxSample.Droid\CheckboxSample.Droid.csproj", "{4BEB6BB3-1731-49DA-B2E9-A4538D5208D9}"
EndProject
Project("{FAE04EC0-301F-11D3-BF4B-00C04F79EFBC}") = "CheckboxSample.iOS", "CheckboxSample\CheckboxSample.iOS\CheckboxSample.iOS.csproj", "{AD4770E4-D136-43B8-A8E8-4498CFDCD87E}"
EndProject
Project("{FAE04EC0-301F-11D3-BF4B-00C04F79EFBC}") = "CheckboxSample.WinPhone", "CheckboxSample\CheckboxSample.WinPhone\CheckboxSample.WinPhone.csproj", "{FCE2CA83-69CC-41F2-902F-687A498C354B}"
EndProject
Project("{FAE04EC0-301F-11D3-BF4B-00C04F79EFBC}") = "CheckboxSample.UWP", "CheckboxSample\CheckboxSample.UWP\CheckboxSample.UWP.csproj", "{23573F73-9E9E-4D90-969D-FEE49C323C39}"
EndProject
Project("{FAE04EC0-301F-11D3-BF4B-00C04F79EFBC}") = "CheckboxSample.Windows", "CheckboxSample\CheckboxSample.Windows\CheckboxSample.Windows.csproj", "{8737E966-230A-4E72-901E-51A12715DB11}"
EndProject
Project("{FAE04EC0-301F-11D3-BF4B-00C04F79EFBC}") = "CheckboxSample", "CheckboxSample\CheckboxSample\CheckboxSample.csproj", "{D2E19E77-AA60-4592-B7A8-B4BB6856141C}"
EndProject
Global
	GlobalSection(SolutionConfigurationPlatforms) = preSolution
		Ad-Hoc|Any CPU = Ad-Hoc|Any CPU
		Ad-Hoc|ARM = Ad-Hoc|ARM
		Ad-Hoc|iPhone = Ad-Hoc|iPhone
		Ad-Hoc|iPhoneSimulator = Ad-Hoc|iPhoneSimulator
		Ad-Hoc|x64 = Ad-Hoc|x64
		Ad-Hoc|x86 = Ad-Hoc|x86
		AppStore|Any CPU = AppStore|Any CPU
		AppStore|ARM = AppStore|ARM
		AppStore|iPhone = AppStore|iPhone
		AppStore|iPhoneSimulator = AppStore|iPhoneSimulator
		AppStore|x64 = AppStore|x64
		AppStore|x86 = AppStore|x86
		Debug|Any CPU = Debug|Any CPU
		Debug|ARM = Debug|ARM
		Debug|iPhone = Debug|iPhone
		Debug|iPhoneSimulator = Debug|iPhoneSimulator
		Debug|x64 = Debug|x64
		Debug|x86 = Debug|x86
		Release|Any CPU = Release|Any CPU
		Release|ARM = Release|ARM
		Release|iPhone = Release|iPhone
		Release|iPhoneSimulator = Release|iPhoneSimulator
		Release|x64 = Release|x64
		Release|x86 = Release|x86
	EndGlobalSection
	GlobalSection(ProjectConfigurationPlatforms) = postSolution
		{4BEB6BB3-1731-49DA-B2E9-A4538D5208D9}.Ad-Hoc|Any CPU.ActiveCfg = Release|Any CPU
		{4BEB6BB3-1731-49DA-B2E9-A4538D5208D9}.Ad-Hoc|Any CPU.Build.0 = Release|Any CPU
		{4BEB6BB3-1731-49DA-B2E9-A4538D5208D9}.Ad-Hoc|Any CPU.Deploy.0 = Release|Any CPU
		{4BEB6BB3-1731-49DA-B2E9-A4538D5208D9}.Ad-Hoc|ARM.ActiveCfg = Release|Any CPU
		{4BEB6BB3-1731-49DA-B2E9-A4538D5208D9}.Ad-Hoc|ARM.Build.0 = Release|Any CPU
		{4BEB6BB3-1731-49DA-B2E9-A4538D5208D9}.Ad-Hoc|ARM.Deploy.0 = Release|Any CPU
		{4BEB6BB3-1731-49DA-B2E9-A4538D5208D9}.Ad-Hoc|iPhone.ActiveCfg = Release|Any CPU
		{4BEB6BB3-1731-49DA-B2E9-A4538D5208D9}.Ad-Hoc|iPhone.Build.0 = Release|Any CPU
		{4BEB6BB3-1731-49DA-B2E9-A4538D5208D9}.Ad-Hoc|iPhone.Deploy.0 = Release|Any CPU
		{4BEB6BB3-1731-49DA-B2E9-A4538D5208D9}.Ad-Hoc|iPhoneSimulator.ActiveCfg = Release|Any CPU
		{4BEB6BB3-1731-49DA-B2E9-A4538D5208D9}.Ad-Hoc|iPhoneSimulator.Build.0 = Release|Any CPU
		{4BEB6BB3-1731-49DA-B2E9-A4538D5208D9}.Ad-Hoc|iPhoneSimulator.Deploy.0 = Release|Any CPU
		{4BEB6BB3-1731-49DA-B2E9-A4538D5208D9}.Ad-Hoc|x64.ActiveCfg = Release|Any CPU
		{4BEB6BB3-1731-49DA-B2E9-A4538D5208D9}.Ad-Hoc|x64.Build.0 = Release|Any CPU
		{4BEB6BB3-1731-49DA-B2E9-A4538D5208D9}.Ad-Hoc|x64.Deploy.0 = Release|Any CPU
		{4BEB6BB3-1731-49DA-B2E9-A4538D5208D9}.Ad-Hoc|x86.ActiveCfg = Release|Any CPU
		{4BEB6BB3-1731-49DA-B2E9-A4538D5208D9}.Ad-Hoc|x86.Build.0 = Release|Any CPU
		{4BEB6BB3-1731-49DA-B2E9-A4538D5208D9}.Ad-Hoc|x86.Deploy.0 = Release|Any CPU
		{4BEB6BB3-1731-49DA-B2E9-A4538D5208D9}.AppStore|Any CPU.ActiveCfg = Release|Any CPU
		{4BEB6BB3-1731-49DA-B2E9-A4538D5208D9}.AppStore|Any CPU.Build.0 = Release|Any CPU
		{4BEB6BB3-1731-49DA-B2E9-A4538D5208D9}.AppStore|Any CPU.Deploy.0 = Release|Any CPU
		{4BEB6BB3-1731-49DA-B2E9-A4538D5208D9}.AppStore|ARM.ActiveCfg = Release|Any CPU
		{4BEB6BB3-1731-49DA-B2E9-A4538D5208D9}.AppStore|ARM.Build.0 = Release|Any CPU
		{4BEB6BB3-1731-49DA-B2E9-A4538D5208D9}.AppStore|ARM.Deploy.0 = Release|Any CPU
		{4BEB6BB3-1731-49DA-B2E9-A4538D5208D9}.AppStore|iPhone.ActiveCfg = Release|Any CPU
		{4BEB6BB3-1731-49DA-B2E9-A4538D5208D9}.AppStore|iPhone.Build.0 = Release|Any CPU
		{4BEB6BB3-1731-49DA-B2E9-A4538D5208D9}.AppStore|iPhone.Deploy.0 = Release|Any CPU
		{4BEB6BB3-1731-49DA-B2E9-A4538D5208D9}.AppStore|iPhoneSimulator.ActiveCfg = Release|Any CPU
		{4BEB6BB3-1731-49DA-B2E9-A4538D5208D9}.AppStore|iPhoneSimulator.Build.0 = Release|Any CPU
		{4BEB6BB3-1731-49DA-B2E9-A4538D5208D9}.AppStore|iPhoneSimulator.Deploy.0 = Release|Any CPU
		{4BEB6BB3-1731-49DA-B2E9-A4538D5208D9}.AppStore|x64.ActiveCfg = Release|Any CPU
		{4BEB6BB3-1731-49DA-B2E9-A4538D5208D9}.AppStore|x64.Build.0 = Release|Any CPU
		{4BEB6BB3-1731-49DA-B2E9-A4538D5208D9}.AppStore|x64.Deploy.0 = Release|Any CPU
		{4BEB6BB3-1731-49DA-B2E9-A4538D5208D9}.AppStore|x86.ActiveCfg = Release|Any CPU
		{4BEB6BB3-1731-49DA-B2E9-A4538D5208D9}.AppStore|x86.Build.0 = Release|Any CPU
		{4BEB6BB3-1731-49DA-B2E9-A4538D5208D9}.AppStore|x86.Deploy.0 = Release|Any CPU
		{4BEB6BB3-1731-49DA-B2E9-A4538D5208D9}.Debug|Any CPU.ActiveCfg = Debug|Any CPU
		{4BEB6BB3-1731-49DA-B2E9-A4538D5208D9}.Debug|Any CPU.Build.0 = Debug|Any CPU
		{4BEB6BB3-1731-49DA-B2E9-A4538D5208D9}.Debug|Any CPU.Deploy.0 = Debug|Any CPU
		{4BEB6BB3-1731-49DA-B2E9-A4538D5208D9}.Debug|ARM.ActiveCfg = Debug|Any CPU
		{4BEB6BB3-1731-49DA-B2E9-A4538D5208D9}.Debug|ARM.Build.0 = Debug|Any CPU
		{4BEB6BB3-1731-49DA-B2E9-A4538D5208D9}.Debug|ARM.Deploy.0 = Debug|Any CPU
		{4BEB6BB3-1731-49DA-B2E9-A4538D5208D9}.Debug|iPhone.ActiveCfg = Debug|Any CPU
		{4BEB6BB3-1731-49DA-B2E9-A4538D5208D9}.Debug|iPhone.Build.0 = Debug|Any CPU
		{4BEB6BB3-1731-49DA-B2E9-A4538D5208D9}.Debug|iPhone.Deploy.0 = Debug|Any CPU
		{4BEB6BB3-1731-49DA-B2E9-A4538D5208D9}.Debug|iPhoneSimulator.ActiveCfg = Debug|Any CPU
		{4BEB6BB3-1731-49DA-B2E9-A4538D5208D9}.Debug|iPhoneSimulator.Build.0 = Debug|Any CPU
		{4BEB6BB3-1731-49DA-B2E9-A4538D5208D9}.Debug|iPhoneSimulator.Deploy.0 = Debug|Any CPU
		{4BEB6BB3-1731-49DA-B2E9-A4538D5208D9}.Debug|x64.ActiveCfg = Debug|Any CPU
		{4BEB6BB3-1731-49DA-B2E9-A4538D5208D9}.Debug|x64.Build.0 = Debug|Any CPU
		{4BEB6BB3-1731-49DA-B2E9-A4538D5208D9}.Debug|x64.Deploy.0 = Debug|Any CPU
		{4BEB6BB3-1731-49DA-B2E9-A4538D5208D9}.Debug|x86.ActiveCfg = Debug|Any CPU
		{4BEB6BB3-1731-49DA-B2E9-A4538D5208D9}.Debug|x86.Build.0 = Debug|Any CPU
		{4BEB6BB3-1731-49DA-B2E9-A4538D5208D9}.Debug|x86.Deploy.0 = Debug|Any CPU
		{4BEB6BB3-1731-49DA-B2E9-A4538D5208D9}.Release|Any CPU.ActiveCfg = Release|Any CPU
		{4BEB6BB3-1731-49DA-B2E9-A4538D5208D9}.Release|Any CPU.Build.0 = Release|Any CPU
		{4BEB6BB3-1731-49DA-B2E9-A4538D5208D9}.Release|Any CPU.Deploy.0 = Release|Any CPU
		{4BEB6BB3-1731-49DA-B2E9-A4538D5208D9}.Release|ARM.ActiveCfg = Release|Any CPU
		{4BEB6BB3-1731-49DA-B2E9-A4538D5208D9}.Release|ARM.Build.0 = Release|Any CPU
		{4BEB6BB3-1731-49DA-B2E9-A4538D5208D9}.Release|ARM.Deploy.0 = Release|Any CPU
		{4BEB6BB3-1731-49DA-B2E9-A4538D5208D9}.Release|iPhone.ActiveCfg = Release|Any CPU
		{4BEB6BB3-1731-49DA-B2E9-A4538D5208D9}.Release|iPhone.Build.0 = Release|Any CPU
		{4BEB6BB3-1731-49DA-B2E9-A4538D5208D9}.Release|iPhone.Deploy.0 = Release|Any CPU
		{4BEB6BB3-1731-49DA-B2E9-A4538D5208D9}.Release|iPhoneSimulator.ActiveCfg = Release|Any CPU
		{4BEB6BB3-1731-49DA-B2E9-A4538D5208D9}.Release|iPhoneSimulator.Build.0 = Release|Any CPU
		{4BEB6BB3-1731-49DA-B2E9-A4538D5208D9}.Release|iPhoneSimulator.Deploy.0 = Release|Any CPU
		{4BEB6BB3-1731-49DA-B2E9-A4538D5208D9}.Release|x64.ActiveCfg = Release|Any CPU
		{4BEB6BB3-1731-49DA-B2E9-A4538D5208D9}.Release|x64.Build.0 = Release|Any CPU
		{4BEB6BB3-1731-49DA-B2E9-A4538D5208D9}.Release|x64.Deploy.0 = Release|Any CPU
		{4BEB6BB3-1731-49DA-B2E9-A4538D5208D9}.Release|x86.ActiveCfg = Release|Any CPU
		{4BEB6BB3-1731-49DA-B2E9-A4538D5208D9}.Release|x86.Build.0 = Release|Any CPU
		{4BEB6BB3-1731-49DA-B2E9-A4538D5208D9}.Release|x86.Deploy.0 = Release|Any CPU
		{AD4770E4-D136-43B8-A8E8-4498CFDCD87E}.Ad-Hoc|Any CPU.ActiveCfg = Ad-Hoc|iPhone
		{AD4770E4-D136-43B8-A8E8-4498CFDCD87E}.Ad-Hoc|ARM.ActiveCfg = Ad-Hoc|iPhone
		{AD4770E4-D136-43B8-A8E8-4498CFDCD87E}.Ad-Hoc|iPhone.ActiveCfg = Ad-Hoc|iPhone
		{AD4770E4-D136-43B8-A8E8-4498CFDCD87E}.Ad-Hoc|iPhone.Build.0 = Ad-Hoc|iPhone
		{AD4770E4-D136-43B8-A8E8-4498CFDCD87E}.Ad-Hoc|iPhoneSimulator.ActiveCfg = Ad-Hoc|iPhoneSimulator
		{AD4770E4-D136-43B8-A8E8-4498CFDCD87E}.Ad-Hoc|iPhoneSimulator.Build.0 = Ad-Hoc|iPhoneSimulator
		{AD4770E4-D136-43B8-A8E8-4498CFDCD87E}.Ad-Hoc|x64.ActiveCfg = Ad-Hoc|iPhone
		{AD4770E4-D136-43B8-A8E8-4498CFDCD87E}.Ad-Hoc|x86.ActiveCfg = Ad-Hoc|iPhone
		{AD4770E4-D136-43B8-A8E8-4498CFDCD87E}.AppStore|Any CPU.ActiveCfg = AppStore|iPhone
		{AD4770E4-D136-43B8-A8E8-4498CFDCD87E}.AppStore|ARM.ActiveCfg = AppStore|iPhone
		{AD4770E4-D136-43B8-A8E8-4498CFDCD87E}.AppStore|iPhone.ActiveCfg = AppStore|iPhone
		{AD4770E4-D136-43B8-A8E8-4498CFDCD87E}.AppStore|iPhone.Build.0 = AppStore|iPhone
		{AD4770E4-D136-43B8-A8E8-4498CFDCD87E}.AppStore|iPhoneSimulator.ActiveCfg = AppStore|iPhoneSimulator
		{AD4770E4-D136-43B8-A8E8-4498CFDCD87E}.AppStore|iPhoneSimulator.Build.0 = AppStore|iPhoneSimulator
		{AD4770E4-D136-43B8-A8E8-4498CFDCD87E}.AppStore|x64.ActiveCfg = AppStore|iPhone
		{AD4770E4-D136-43B8-A8E8-4498CFDCD87E}.AppStore|x86.ActiveCfg = AppStore|iPhone
		{AD4770E4-D136-43B8-A8E8-4498CFDCD87E}.Debug|Any CPU.ActiveCfg = Debug|iPhone
		{AD4770E4-D136-43B8-A8E8-4498CFDCD87E}.Debug|ARM.ActiveCfg = Debug|iPhone
		{AD4770E4-D136-43B8-A8E8-4498CFDCD87E}.Debug|iPhone.ActiveCfg = Debug|iPhone
		{AD4770E4-D136-43B8-A8E8-4498CFDCD87E}.Debug|iPhone.Build.0 = Debug|iPhone
		{AD4770E4-D136-43B8-A8E8-4498CFDCD87E}.Debug|iPhoneSimulator.ActiveCfg = Debug|iPhoneSimulator
		{AD4770E4-D136-43B8-A8E8-4498CFDCD87E}.Debug|iPhoneSimulator.Build.0 = Debug|iPhoneSimulator
		{AD4770E4-D136-43B8-A8E8-4498CFDCD87E}.Debug|x64.ActiveCfg = Debug|iPhone
		{AD4770E4-D136-43B8-A8E8-4498CFDCD87E}.Debug|x86.ActiveCfg = Debug|iPhone
		{AD4770E4-D136-43B8-A8E8-4498CFDCD87E}.Release|Any CPU.ActiveCfg = Release|iPhone
		{AD4770E4-D136-43B8-A8E8-4498CFDCD87E}.Release|ARM.ActiveCfg = Release|iPhone
		{AD4770E4-D136-43B8-A8E8-4498CFDCD87E}.Release|iPhone.ActiveCfg = Release|iPhone
		{AD4770E4-D136-43B8-A8E8-4498CFDCD87E}.Release|iPhone.Build.0 = Release|iPhone
		{AD4770E4-D136-43B8-A8E8-4498CFDCD87E}.Release|iPhoneSimulator.ActiveCfg = Release|iPhoneSimulator
		{AD4770E4-D136-43B8-A8E8-4498CFDCD87E}.Release|iPhoneSimulator.Build.0 = Release|iPhoneSimulator
		{AD4770E4-D136-43B8-A8E8-4498CFDCD87E}.Release|x64.ActiveCfg = Release|iPhone
		{AD4770E4-D136-43B8-A8E8-4498CFDCD87E}.Release|x86.ActiveCfg = Release|iPhone
		{FCE2CA83-69CC-41F2-902F-687A498C354B}.Ad-Hoc|Any CPU.ActiveCfg = Release|Any CPU
		{FCE2CA83-69CC-41F2-902F-687A498C354B}.Ad-Hoc|Any CPU.Build.0 = Release|Any CPU
		{FCE2CA83-69CC-41F2-902F-687A498C354B}.Ad-Hoc|Any CPU.Deploy.0 = Release|Any CPU
		{FCE2CA83-69CC-41F2-902F-687A498C354B}.Ad-Hoc|ARM.ActiveCfg = Release|ARM
		{FCE2CA83-69CC-41F2-902F-687A498C354B}.Ad-Hoc|ARM.Build.0 = Release|ARM
		{FCE2CA83-69CC-41F2-902F-687A498C354B}.Ad-Hoc|ARM.Deploy.0 = Release|ARM
		{FCE2CA83-69CC-41F2-902F-687A498C354B}.Ad-Hoc|iPhone.ActiveCfg = Release|Any CPU
		{FCE2CA83-69CC-41F2-902F-687A498C354B}.Ad-Hoc|iPhone.Build.0 = Release|Any CPU
		{FCE2CA83-69CC-41F2-902F-687A498C354B}.Ad-Hoc|iPhone.Deploy.0 = Release|Any CPU
		{FCE2CA83-69CC-41F2-902F-687A498C354B}.Ad-Hoc|iPhoneSimulator.ActiveCfg = Release|Any CPU
		{FCE2CA83-69CC-41F2-902F-687A498C354B}.Ad-Hoc|iPhoneSimulator.Build.0 = Release|Any CPU
		{FCE2CA83-69CC-41F2-902F-687A498C354B}.Ad-Hoc|iPhoneSimulator.Deploy.0 = Release|Any CPU
		{FCE2CA83-69CC-41F2-902F-687A498C354B}.Ad-Hoc|x64.ActiveCfg = Release|Any CPU
		{FCE2CA83-69CC-41F2-902F-687A498C354B}.Ad-Hoc|x64.Build.0 = Release|Any CPU
		{FCE2CA83-69CC-41F2-902F-687A498C354B}.Ad-Hoc|x64.Deploy.0 = Release|Any CPU
		{FCE2CA83-69CC-41F2-902F-687A498C354B}.Ad-Hoc|x86.ActiveCfg = Release|x86
		{FCE2CA83-69CC-41F2-902F-687A498C354B}.Ad-Hoc|x86.Build.0 = Release|x86
		{FCE2CA83-69CC-41F2-902F-687A498C354B}.Ad-Hoc|x86.Deploy.0 = Release|x86
		{FCE2CA83-69CC-41F2-902F-687A498C354B}.AppStore|Any CPU.ActiveCfg = Release|Any CPU
		{FCE2CA83-69CC-41F2-902F-687A498C354B}.AppStore|Any CPU.Build.0 = Release|Any CPU
		{FCE2CA83-69CC-41F2-902F-687A498C354B}.AppStore|Any CPU.Deploy.0 = Release|Any CPU
		{FCE2CA83-69CC-41F2-902F-687A498C354B}.AppStore|ARM.ActiveCfg = Release|ARM
		{FCE2CA83-69CC-41F2-902F-687A498C354B}.AppStore|ARM.Build.0 = Release|ARM
		{FCE2CA83-69CC-41F2-902F-687A498C354B}.AppStore|ARM.Deploy.0 = Release|ARM
		{FCE2CA83-69CC-41F2-902F-687A498C354B}.AppStore|iPhone.ActiveCfg = Release|Any CPU
		{FCE2CA83-69CC-41F2-902F-687A498C354B}.AppStore|iPhone.Build.0 = Release|Any CPU
		{FCE2CA83-69CC-41F2-902F-687A498C354B}.AppStore|iPhone.Deploy.0 = Release|Any CPU
		{FCE2CA83-69CC-41F2-902F-687A498C354B}.AppStore|iPhoneSimulator.ActiveCfg = Release|Any CPU
		{FCE2CA83-69CC-41F2-902F-687A498C354B}.AppStore|iPhoneSimulator.Build.0 = Release|Any CPU
		{FCE2CA83-69CC-41F2-902F-687A498C354B}.AppStore|iPhoneSimulator.Deploy.0 = Release|Any CPU
		{FCE2CA83-69CC-41F2-902F-687A498C354B}.AppStore|x64.ActiveCfg = Release|Any CPU
		{FCE2CA83-69CC-41F2-902F-687A498C354B}.AppStore|x64.Build.0 = Release|Any CPU
		{FCE2CA83-69CC-41F2-902F-687A498C354B}.AppStore|x64.Deploy.0 = Release|Any CPU
		{FCE2CA83-69CC-41F2-902F-687A498C354B}.AppStore|x86.ActiveCfg = Release|x86
		{FCE2CA83-69CC-41F2-902F-687A498C354B}.AppStore|x86.Build.0 = Release|x86
		{FCE2CA83-69CC-41F2-902F-687A498C354B}.AppStore|x86.Deploy.0 = Release|x86
		{FCE2CA83-69CC-41F2-902F-687A498C354B}.Debug|Any CPU.ActiveCfg = Debug|Any CPU
		{FCE2CA83-69CC-41F2-902F-687A498C354B}.Debug|Any CPU.Build.0 = Debug|Any CPU
		{FCE2CA83-69CC-41F2-902F-687A498C354B}.Debug|Any CPU.Deploy.0 = Debug|Any CPU
		{FCE2CA83-69CC-41F2-902F-687A498C354B}.Debug|ARM.ActiveCfg = Debug|ARM
		{FCE2CA83-69CC-41F2-902F-687A498C354B}.Debug|ARM.Build.0 = Debug|ARM
		{FCE2CA83-69CC-41F2-902F-687A498C354B}.Debug|ARM.Deploy.0 = Debug|ARM
		{FCE2CA83-69CC-41F2-902F-687A498C354B}.Debug|iPhone.ActiveCfg = Debug|Any CPU
		{FCE2CA83-69CC-41F2-902F-687A498C354B}.Debug|iPhone.Build.0 = Debug|Any CPU
		{FCE2CA83-69CC-41F2-902F-687A498C354B}.Debug|iPhone.Deploy.0 = Debug|Any CPU
		{FCE2CA83-69CC-41F2-902F-687A498C354B}.Debug|iPhoneSimulator.ActiveCfg = Debug|Any CPU
		{FCE2CA83-69CC-41F2-902F-687A498C354B}.Debug|iPhoneSimulator.Build.0 = Debug|Any CPU
		{FCE2CA83-69CC-41F2-902F-687A498C354B}.Debug|iPhoneSimulator.Deploy.0 = Debug|Any CPU
		{FCE2CA83-69CC-41F2-902F-687A498C354B}.Debug|x64.ActiveCfg = Debug|Any CPU
		{FCE2CA83-69CC-41F2-902F-687A498C354B}.Debug|x64.Build.0 = Debug|Any CPU
		{FCE2CA83-69CC-41F2-902F-687A498C354B}.Debug|x64.Deploy.0 = Debug|Any CPU
		{FCE2CA83-69CC-41F2-902F-687A498C354B}.Debug|x86.ActiveCfg = Debug|x86
		{FCE2CA83-69CC-41F2-902F-687A498C354B}.Debug|x86.Build.0 = Debug|x86
		{FCE2CA83-69CC-41F2-902F-687A498C354B}.Debug|x86.Deploy.0 = Debug|x86
		{FCE2CA83-69CC-41F2-902F-687A498C354B}.Release|Any CPU.ActiveCfg = Release|Any CPU
		{FCE2CA83-69CC-41F2-902F-687A498C354B}.Release|Any CPU.Build.0 = Release|Any CPU
		{FCE2CA83-69CC-41F2-902F-687A498C354B}.Release|Any CPU.Deploy.0 = Release|Any CPU
		{FCE2CA83-69CC-41F2-902F-687A498C354B}.Release|ARM.ActiveCfg = Release|ARM
		{FCE2CA83-69CC-41F2-902F-687A498C354B}.Release|ARM.Build.0 = Release|ARM
		{FCE2CA83-69CC-41F2-902F-687A498C354B}.Release|ARM.Deploy.0 = Release|ARM
		{FCE2CA83-69CC-41F2-902F-687A498C354B}.Release|iPhone.ActiveCfg = Release|Any CPU
		{FCE2CA83-69CC-41F2-902F-687A498C354B}.Release|iPhone.Build.0 = Release|Any CPU
		{FCE2CA83-69CC-41F2-902F-687A498C354B}.Release|iPhone.Deploy.0 = Release|Any CPU
		{FCE2CA83-69CC-41F2-902F-687A498C354B}.Release|iPhoneSimulator.ActiveCfg = Release|Any CPU
		{FCE2CA83-69CC-41F2-902F-687A498C354B}.Release|iPhoneSimulator.Build.0 = Release|Any CPU
		{FCE2CA83-69CC-41F2-902F-687A498C354B}.Release|iPhoneSimulator.Deploy.0 = Release|Any CPU
		{FCE2CA83-69CC-41F2-902F-687A498C354B}.Release|x64.ActiveCfg = Release|Any CPU
		{FCE2CA83-69CC-41F2-902F-687A498C354B}.Release|x64.Build.0 = Release|Any CPU
		{FCE2CA83-69CC-41F2-902F-687A498C354B}.Release|x64.Deploy.0 = Release|Any CPU
		{FCE2CA83-69CC-41F2-902F-687A498C354B}.Release|x86.ActiveCfg = Release|x86
		{FCE2CA83-69CC-41F2-902F-687A498C354B}.Release|x86.Build.0 = Release|x86
		{FCE2CA83-69CC-41F2-902F-687A498C354B}.Release|x86.Deploy.0 = Release|x86
		{23573F73-9E9E-4D90-969D-FEE49C323C39}.Ad-Hoc|Any CPU.ActiveCfg = Release|x86
		{23573F73-9E9E-4D90-969D-FEE49C323C39}.Ad-Hoc|Any CPU.Build.0 = Release|x86
		{23573F73-9E9E-4D90-969D-FEE49C323C39}.Ad-Hoc|Any CPU.Deploy.0 = Release|x86
		{23573F73-9E9E-4D90-969D-FEE49C323C39}.Ad-Hoc|ARM.ActiveCfg = Release|ARM
		{23573F73-9E9E-4D90-969D-FEE49C323C39}.Ad-Hoc|ARM.Build.0 = Release|ARM
		{23573F73-9E9E-4D90-969D-FEE49C323C39}.Ad-Hoc|ARM.Deploy.0 = Release|ARM
		{23573F73-9E9E-4D90-969D-FEE49C323C39}.Ad-Hoc|iPhone.ActiveCfg = Release|x86
		{23573F73-9E9E-4D90-969D-FEE49C323C39}.Ad-Hoc|iPhone.Build.0 = Release|x86
		{23573F73-9E9E-4D90-969D-FEE49C323C39}.Ad-Hoc|iPhone.Deploy.0 = Release|x86
		{23573F73-9E9E-4D90-969D-FEE49C323C39}.Ad-Hoc|iPhoneSimulator.ActiveCfg = Release|x86
		{23573F73-9E9E-4D90-969D-FEE49C323C39}.Ad-Hoc|iPhoneSimulator.Build.0 = Release|x86
		{23573F73-9E9E-4D90-969D-FEE49C323C39}.Ad-Hoc|iPhoneSimulator.Deploy.0 = Release|x86
		{23573F73-9E9E-4D90-969D-FEE49C323C39}.Ad-Hoc|x64.ActiveCfg = Release|x64
		{23573F73-9E9E-4D90-969D-FEE49C323C39}.Ad-Hoc|x64.Build.0 = Release|x64
		{23573F73-9E9E-4D90-969D-FEE49C323C39}.Ad-Hoc|x64.Deploy.0 = Release|x64
		{23573F73-9E9E-4D90-969D-FEE49C323C39}.Ad-Hoc|x86.ActiveCfg = Release|x86
		{23573F73-9E9E-4D90-969D-FEE49C323C39}.Ad-Hoc|x86.Build.0 = Release|x86
		{23573F73-9E9E-4D90-969D-FEE49C323C39}.Ad-Hoc|x86.Deploy.0 = Release|x86
		{23573F73-9E9E-4D90-969D-FEE49C323C39}.AppStore|Any CPU.ActiveCfg = Release|x86
		{23573F73-9E9E-4D90-969D-FEE49C323C39}.AppStore|Any CPU.Build.0 = Release|x86
		{23573F73-9E9E-4D90-969D-FEE49C323C39}.AppStore|Any CPU.Deploy.0 = Release|x86
		{23573F73-9E9E-4D90-969D-FEE49C323C39}.AppStore|ARM.ActiveCfg = Release|ARM
		{23573F73-9E9E-4D90-969D-FEE49C323C39}.AppStore|ARM.Build.0 = Release|ARM
		{23573F73-9E9E-4D90-969D-FEE49C323C39}.AppStore|ARM.Deploy.0 = Release|ARM
		{23573F73-9E9E-4D90-969D-FEE49C323C39}.AppStore|iPhone.ActiveCfg = Release|x86
		{23573F73-9E9E-4D90-969D-FEE49C323C39}.AppStore|iPhone.Build.0 = Release|x86
		{23573F73-9E9E-4D90-969D-FEE49C323C39}.AppStore|iPhone.Deploy.0 = Release|x86
		{23573F73-9E9E-4D90-969D-FEE49C323C39}.AppStore|iPhoneSimulator.ActiveCfg = Release|x86
		{23573F73-9E9E-4D90-969D-FEE49C323C39}.AppStore|iPhoneSimulator.Build.0 = Release|x86
		{23573F73-9E9E-4D90-969D-FEE49C323C39}.AppStore|iPhoneSimulator.Deploy.0 = Release|x86
		{23573F73-9E9E-4D90-969D-FEE49C323C39}.AppStore|x64.ActiveCfg = Release|x64
		{23573F73-9E9E-4D90-969D-FEE49C323C39}.AppStore|x64.Build.0 = Release|x64
		{23573F73-9E9E-4D90-969D-FEE49C323C39}.AppStore|x64.Deploy.0 = Release|x64
		{23573F73-9E9E-4D90-969D-FEE49C323C39}.AppStore|x86.ActiveCfg = Release|x86
		{23573F73-9E9E-4D90-969D-FEE49C323C39}.AppStore|x86.Build.0 = Release|x86
		{23573F73-9E9E-4D90-969D-FEE49C323C39}.AppStore|x86.Deploy.0 = Release|x86
		{23573F73-9E9E-4D90-969D-FEE49C323C39}.Debug|Any CPU.ActiveCfg = Debug|x86
		{23573F73-9E9E-4D90-969D-FEE49C323C39}.Debug|Any CPU.Build.0 = Debug|x86
		{23573F73-9E9E-4D90-969D-FEE49C323C39}.Debug|Any CPU.Deploy.0 = Debug|x86
		{23573F73-9E9E-4D90-969D-FEE49C323C39}.Debug|ARM.ActiveCfg = Debug|ARM
		{23573F73-9E9E-4D90-969D-FEE49C323C39}.Debug|ARM.Build.0 = Debug|ARM
		{23573F73-9E9E-4D90-969D-FEE49C323C39}.Debug|ARM.Deploy.0 = Debug|ARM
		{23573F73-9E9E-4D90-969D-FEE49C323C39}.Debug|iPhone.ActiveCfg = Debug|x86
		{23573F73-9E9E-4D90-969D-FEE49C323C39}.Debug|iPhoneSimulator.ActiveCfg = Debug|x86
		{23573F73-9E9E-4D90-969D-FEE49C323C39}.Debug|x64.ActiveCfg = Debug|x64
		{23573F73-9E9E-4D90-969D-FEE49C323C39}.Debug|x64.Build.0 = Debug|x64
		{23573F73-9E9E-4D90-969D-FEE49C323C39}.Debug|x64.Deploy.0 = Debug|x64
		{23573F73-9E9E-4D90-969D-FEE49C323C39}.Debug|x86.ActiveCfg = Debug|x86
		{23573F73-9E9E-4D90-969D-FEE49C323C39}.Debug|x86.Build.0 = Debug|x86
		{23573F73-9E9E-4D90-969D-FEE49C323C39}.Debug|x86.Deploy.0 = Debug|x86
		{23573F73-9E9E-4D90-969D-FEE49C323C39}.Release|Any CPU.ActiveCfg = Release|x86
		{23573F73-9E9E-4D90-969D-FEE49C323C39}.Release|ARM.ActiveCfg = Release|ARM
		{23573F73-9E9E-4D90-969D-FEE49C323C39}.Release|ARM.Build.0 = Release|ARM
		{23573F73-9E9E-4D90-969D-FEE49C323C39}.Release|ARM.Deploy.0 = Release|ARM
		{23573F73-9E9E-4D90-969D-FEE49C323C39}.Release|iPhone.ActiveCfg = Release|x86
		{23573F73-9E9E-4D90-969D-FEE49C323C39}.Release|iPhoneSimulator.ActiveCfg = Release|x86
		{23573F73-9E9E-4D90-969D-FEE49C323C39}.Release|x64.ActiveCfg = Release|x64
		{23573F73-9E9E-4D90-969D-FEE49C323C39}.Release|x64.Build.0 = Release|x64
		{23573F73-9E9E-4D90-969D-FEE49C323C39}.Release|x64.Deploy.0 = Release|x64
		{23573F73-9E9E-4D90-969D-FEE49C323C39}.Release|x86.ActiveCfg = Release|x86
		{23573F73-9E9E-4D90-969D-FEE49C323C39}.Release|x86.Build.0 = Release|x86
		{23573F73-9E9E-4D90-969D-FEE49C323C39}.Release|x86.Deploy.0 = Release|x86
		{8737E966-230A-4E72-901E-51A12715DB11}.Ad-Hoc|Any CPU.ActiveCfg = Release|Any CPU
		{8737E966-230A-4E72-901E-51A12715DB11}.Ad-Hoc|Any CPU.Build.0 = Release|Any CPU
		{8737E966-230A-4E72-901E-51A12715DB11}.Ad-Hoc|Any CPU.Deploy.0 = Release|Any CPU
		{8737E966-230A-4E72-901E-51A12715DB11}.Ad-Hoc|ARM.ActiveCfg = Release|ARM
		{8737E966-230A-4E72-901E-51A12715DB11}.Ad-Hoc|ARM.Build.0 = Release|ARM
		{8737E966-230A-4E72-901E-51A12715DB11}.Ad-Hoc|ARM.Deploy.0 = Release|ARM
		{8737E966-230A-4E72-901E-51A12715DB11}.Ad-Hoc|iPhone.ActiveCfg = Release|Any CPU
		{8737E966-230A-4E72-901E-51A12715DB11}.Ad-Hoc|iPhone.Build.0 = Release|Any CPU
		{8737E966-230A-4E72-901E-51A12715DB11}.Ad-Hoc|iPhone.Deploy.0 = Release|Any CPU
		{8737E966-230A-4E72-901E-51A12715DB11}.Ad-Hoc|iPhoneSimulator.ActiveCfg = Release|Any CPU
		{8737E966-230A-4E72-901E-51A12715DB11}.Ad-Hoc|iPhoneSimulator.Build.0 = Release|Any CPU
		{8737E966-230A-4E72-901E-51A12715DB11}.Ad-Hoc|iPhoneSimulator.Deploy.0 = Release|Any CPU
		{8737E966-230A-4E72-901E-51A12715DB11}.Ad-Hoc|x64.ActiveCfg = Release|x64
		{8737E966-230A-4E72-901E-51A12715DB11}.Ad-Hoc|x64.Build.0 = Release|x64
		{8737E966-230A-4E72-901E-51A12715DB11}.Ad-Hoc|x64.Deploy.0 = Release|x64
		{8737E966-230A-4E72-901E-51A12715DB11}.Ad-Hoc|x86.ActiveCfg = Release|x86
		{8737E966-230A-4E72-901E-51A12715DB11}.Ad-Hoc|x86.Build.0 = Release|x86
		{8737E966-230A-4E72-901E-51A12715DB11}.Ad-Hoc|x86.Deploy.0 = Release|x86
		{8737E966-230A-4E72-901E-51A12715DB11}.AppStore|Any CPU.ActiveCfg = Release|Any CPU
		{8737E966-230A-4E72-901E-51A12715DB11}.AppStore|Any CPU.Build.0 = Release|Any CPU
		{8737E966-230A-4E72-901E-51A12715DB11}.AppStore|Any CPU.Deploy.0 = Release|Any CPU
		{8737E966-230A-4E72-901E-51A12715DB11}.AppStore|ARM.ActiveCfg = Release|ARM
		{8737E966-230A-4E72-901E-51A12715DB11}.AppStore|ARM.Build.0 = Release|ARM
		{8737E966-230A-4E72-901E-51A12715DB11}.AppStore|ARM.Deploy.0 = Release|ARM
		{8737E966-230A-4E72-901E-51A12715DB11}.AppStore|iPhone.ActiveCfg = Release|Any CPU
		{8737E966-230A-4E72-901E-51A12715DB11}.AppStore|iPhone.Build.0 = Release|Any CPU
		{8737E966-230A-4E72-901E-51A12715DB11}.AppStore|iPhone.Deploy.0 = Release|Any CPU
		{8737E966-230A-4E72-901E-51A12715DB11}.AppStore|iPhoneSimulator.ActiveCfg = Release|Any CPU
		{8737E966-230A-4E72-901E-51A12715DB11}.AppStore|iPhoneSimulator.Build.0 = Release|Any CPU
		{8737E966-230A-4E72-901E-51A12715DB11}.AppStore|iPhoneSimulator.Deploy.0 = Release|Any CPU
		{8737E966-230A-4E72-901E-51A12715DB11}.AppStore|x64.ActiveCfg = Release|x64
		{8737E966-230A-4E72-901E-51A12715DB11}.AppStore|x64.Build.0 = Release|x64
		{8737E966-230A-4E72-901E-51A12715DB11}.AppStore|x64.Deploy.0 = Release|x64
		{8737E966-230A-4E72-901E-51A12715DB11}.AppStore|x86.ActiveCfg = Release|x86
		{8737E966-230A-4E72-901E-51A12715DB11}.AppStore|x86.Build.0 = Release|x86
		{8737E966-230A-4E72-901E-51A12715DB11}.AppStore|x86.Deploy.0 = Release|x86
		{8737E966-230A-4E72-901E-51A12715DB11}.Debug|Any CPU.ActiveCfg = Debug|Any CPU
		{8737E966-230A-4E72-901E-51A12715DB11}.Debug|Any CPU.Build.0 = Debug|Any CPU
		{8737E966-230A-4E72-901E-51A12715DB11}.Debug|Any CPU.Deploy.0 = Debug|Any CPU
		{8737E966-230A-4E72-901E-51A12715DB11}.Debug|ARM.ActiveCfg = Debug|ARM
		{8737E966-230A-4E72-901E-51A12715DB11}.Debug|ARM.Build.0 = Debug|ARM
		{8737E966-230A-4E72-901E-51A12715DB11}.Debug|ARM.Deploy.0 = Debug|ARM
		{8737E966-230A-4E72-901E-51A12715DB11}.Debug|iPhone.ActiveCfg = Debug|Any CPU
		{8737E966-230A-4E72-901E-51A12715DB11}.Debug|iPhone.Build.0 = Debug|Any CPU
		{8737E966-230A-4E72-901E-51A12715DB11}.Debug|iPhone.Deploy.0 = Debug|Any CPU
		{8737E966-230A-4E72-901E-51A12715DB11}.Debug|iPhoneSimulator.ActiveCfg = Debug|Any CPU
		{8737E966-230A-4E72-901E-51A12715DB11}.Debug|iPhoneSimulator.Build.0 = Debug|Any CPU
		{8737E966-230A-4E72-901E-51A12715DB11}.Debug|iPhoneSimulator.Deploy.0 = Debug|Any CPU
		{8737E966-230A-4E72-901E-51A12715DB11}.Debug|x64.ActiveCfg = Debug|x64
		{8737E966-230A-4E72-901E-51A12715DB11}.Debug|x64.Build.0 = Debug|x64
		{8737E966-230A-4E72-901E-51A12715DB11}.Debug|x64.Deploy.0 = Debug|x64
		{8737E966-230A-4E72-901E-51A12715DB11}.Debug|x86.ActiveCfg = Debug|x86
		{8737E966-230A-4E72-901E-51A12715DB11}.Debug|x86.Build.0 = Debug|x86
		{8737E966-230A-4E72-901E-51A12715DB11}.Debug|x86.Deploy.0 = Debug|x86
		{8737E966-230A-4E72-901E-51A12715DB11}.Release|Any CPU.ActiveCfg = Release|Any CPU
		{8737E966-230A-4E72-901E-51A12715DB11}.Release|Any CPU.Build.0 = Release|Any CPU
		{8737E966-230A-4E72-901E-51A12715DB11}.Release|Any CPU.Deploy.0 = Release|Any CPU
		{8737E966-230A-4E72-901E-51A12715DB11}.Release|ARM.ActiveCfg = Release|ARM
		{8737E966-230A-4E72-901E-51A12715DB11}.Release|ARM.Build.0 = Release|ARM
		{8737E966-230A-4E72-901E-51A12715DB11}.Release|ARM.Deploy.0 = Release|ARM
		{8737E966-230A-4E72-901E-51A12715DB11}.Release|iPhone.ActiveCfg = Release|Any CPU
		{8737E966-230A-4E72-901E-51A12715DB11}.Release|iPhone.Build.0 = Release|Any CPU
		{8737E966-230A-4E72-901E-51A12715DB11}.Release|iPhone.Deploy.0 = Release|Any CPU
		{8737E966-230A-4E72-901E-51A12715DB11}.Release|iPhoneSimulator.ActiveCfg = Release|Any CPU
		{8737E966-230A-4E72-901E-51A12715DB11}.Release|iPhoneSimulator.Build.0 = Release|Any CPU
		{8737E966-230A-4E72-901E-51A12715DB11}.Release|iPhoneSimulator.Deploy.0 = Release|Any CPU
		{8737E966-230A-4E72-901E-51A12715DB11}.Release|x64.ActiveCfg = Release|x64
		{8737E966-230A-4E72-901E-51A12715DB11}.Release|x64.Build.0 = Release|x64
		{8737E966-230A-4E72-901E-51A12715DB11}.Release|x64.Deploy.0 = Release|x64
		{8737E966-230A-4E72-901E-51A12715DB11}.Release|x86.ActiveCfg = Release|x86
		{8737E966-230A-4E72-901E-51A12715DB11}.Release|x86.Build.0 = Release|x86
		{8737E966-230A-4E72-901E-51A12715DB11}.Release|x86.Deploy.0 = Release|x86
		{D2E19E77-AA60-4592-B7A8-B4BB6856141C}.Ad-Hoc|Any CPU.ActiveCfg = Release|Any CPU
		{D2E19E77-AA60-4592-B7A8-B4BB6856141C}.Ad-Hoc|Any CPU.Build.0 = Release|Any CPU
		{D2E19E77-AA60-4592-B7A8-B4BB6856141C}.Ad-Hoc|ARM.ActiveCfg = Release|Any CPU
		{D2E19E77-AA60-4592-B7A8-B4BB6856141C}.Ad-Hoc|ARM.Build.0 = Release|Any CPU
		{D2E19E77-AA60-4592-B7A8-B4BB6856141C}.Ad-Hoc|iPhone.ActiveCfg = Release|Any CPU
		{D2E19E77-AA60-4592-B7A8-B4BB6856141C}.Ad-Hoc|iPhone.Build.0 = Release|Any CPU
		{D2E19E77-AA60-4592-B7A8-B4BB6856141C}.Ad-Hoc|iPhoneSimulator.ActiveCfg = Release|Any CPU
		{D2E19E77-AA60-4592-B7A8-B4BB6856141C}.Ad-Hoc|iPhoneSimulator.Build.0 = Release|Any CPU
		{D2E19E77-AA60-4592-B7A8-B4BB6856141C}.Ad-Hoc|x64.ActiveCfg = Release|Any CPU
		{D2E19E77-AA60-4592-B7A8-B4BB6856141C}.Ad-Hoc|x64.Build.0 = Release|Any CPU
		{D2E19E77-AA60-4592-B7A8-B4BB6856141C}.Ad-Hoc|x86.ActiveCfg = Release|Any CPU
		{D2E19E77-AA60-4592-B7A8-B4BB6856141C}.Ad-Hoc|x86.Build.0 = Release|Any CPU
		{D2E19E77-AA60-4592-B7A8-B4BB6856141C}.AppStore|Any CPU.ActiveCfg = Release|Any CPU
		{D2E19E77-AA60-4592-B7A8-B4BB6856141C}.AppStore|Any CPU.Build.0 = Release|Any CPU
		{D2E19E77-AA60-4592-B7A8-B4BB6856141C}.AppStore|ARM.ActiveCfg = Release|Any CPU
		{D2E19E77-AA60-4592-B7A8-B4BB6856141C}.AppStore|ARM.Build.0 = Release|Any CPU
		{D2E19E77-AA60-4592-B7A8-B4BB6856141C}.AppStore|iPhone.ActiveCfg = Release|Any CPU
		{D2E19E77-AA60-4592-B7A8-B4BB6856141C}.AppStore|iPhone.Build.0 = Release|Any CPU
		{D2E19E77-AA60-4592-B7A8-B4BB6856141C}.AppStore|iPhoneSimulator.ActiveCfg = Release|Any CPU
		{D2E19E77-AA60-4592-B7A8-B4BB6856141C}.AppStore|iPhoneSimulator.Build.0 = Release|Any CPU
		{D2E19E77-AA60-4592-B7A8-B4BB6856141C}.AppStore|x64.ActiveCfg = Release|Any CPU
		{D2E19E77-AA60-4592-B7A8-B4BB6856141C}.AppStore|x64.Build.0 = Release|Any CPU
		{D2E19E77-AA60-4592-B7A8-B4BB6856141C}.AppStore|x86.ActiveCfg = Release|Any CPU
		{D2E19E77-AA60-4592-B7A8-B4BB6856141C}.AppStore|x86.Build.0 = Release|Any CPU
		{D2E19E77-AA60-4592-B7A8-B4BB6856141C}.Debug|Any CPU.ActiveCfg = Debug|Any CPU
		{D2E19E77-AA60-4592-B7A8-B4BB6856141C}.Debug|Any CPU.Build.0 = Debug|Any CPU
		{D2E19E77-AA60-4592-B7A8-B4BB6856141C}.Debug|ARM.ActiveCfg = Debug|Any CPU
		{D2E19E77-AA60-4592-B7A8-B4BB6856141C}.Debug|ARM.Build.0 = Debug|Any CPU
		{D2E19E77-AA60-4592-B7A8-B4BB6856141C}.Debug|iPhone.ActiveCfg = Debug|Any CPU
		{D2E19E77-AA60-4592-B7A8-B4BB6856141C}.Debug|iPhone.Build.0 = Debug|Any CPU
		{D2E19E77-AA60-4592-B7A8-B4BB6856141C}.Debug|iPhoneSimulator.ActiveCfg = Debug|Any CPU
		{D2E19E77-AA60-4592-B7A8-B4BB6856141C}.Debug|iPhoneSimulator.Build.0 = Debug|Any CPU
		{D2E19E77-AA60-4592-B7A8-B4BB6856141C}.Debug|x64.ActiveCfg = Debug|Any CPU
		{D2E19E77-AA60-4592-B7A8-B4BB6856141C}.Debug|x64.Build.0 = Debug|Any CPU
		{D2E19E77-AA60-4592-B7A8-B4BB6856141C}.Debug|x86.ActiveCfg = Debug|Any CPU
		{D2E19E77-AA60-4592-B7A8-B4BB6856141C}.Debug|x86.Build.0 = Debug|Any CPU
		{D2E19E77-AA60-4592-B7A8-B4BB6856141C}.Release|Any CPU.ActiveCfg = Release|Any CPU
		{D2E19E77-AA60-4592-B7A8-B4BB6856141C}.Release|Any CPU.Build.0 = Release|Any CPU
		{D2E19E77-AA60-4592-B7A8-B4BB6856141C}.Release|ARM.ActiveCfg = Release|Any CPU
		{D2E19E77-AA60-4592-B7A8-B4BB6856141C}.Release|ARM.Build.0 = Release|Any CPU
		{D2E19E77-AA60-4592-B7A8-B4BB6856141C}.Release|iPhone.ActiveCfg = Release|Any CPU
		{D2E19E77-AA60-4592-B7A8-B4BB6856141C}.Release|iPhone.Build.0 = Release|Any CPU
		{D2E19E77-AA60-4592-B7A8-B4BB6856141C}.Release|iPhoneSimulator.ActiveCfg = Release|Any CPU
		{D2E19E77-AA60-4592-B7A8-B4BB6856141C}.Release|iPhoneSimulator.Build.0 = Release|Any CPU
		{D2E19E77-AA60-4592-B7A8-B4BB6856141C}.Release|x64.ActiveCfg = Release|Any CPU
		{D2E19E77-AA60-4592-B7A8-B4BB6856141C}.Release|x64.Build.0 = Release|Any CPU
		{D2E19E77-AA60-4592-B7A8-B4BB6856141C}.Release|x86.ActiveCfg = Release|Any CPU
		{D2E19E77-AA60-4592-B7A8-B4BB6856141C}.Release|x86.Build.0 = Release|Any CPU
	EndGlobalSection
	GlobalSection(SolutionProperties) = preSolution
		HideSolutionNode = FALSE
	EndGlobalSection
EndGlobal
